<?xml version="1.0" encoding="UTF-8" standalone="yes" ?>
<CodeBlocks_project_file>
	<FileVersion major="1" minor="6" />
	<Project>
		<Option title="MutationFinder" />
		<Option pch_mode="2" />
		<Option compiler="gcc" />
		<Build>
			<Target title="Debug">
				<Option output="bin/Debug/MutationFinder" prefix_auto="1" extension_auto="1" />
				<Option object_output="obj/Debug/" />
				<Option type="1" />
				<Option compiler="gcc" />
				<Compiler>
					<Add option="-g" />
				</Compiler>
			</Target>
			<Target title="Release">
				<Option output="bin/Release/MutationFinder" prefix_auto="1" extension_auto="1" />
				<Option object_output="obj/Release/" />
				<Option type="1" />
				<Option compiler="gcc" />
				<Compiler>
					<Add option="-O2" />
				</Compiler>
				<Linker>
					<Add option="-s" />
				</Linker>
			</Target>
		</Build>
		<Compiler>
			<Add option="-Wall" />
			<Add option="-fexceptions" />
		</Compiler>
		<Unit filename="CharVector.cpp" />
		<Unit filename="CharVector.h" />
		<Unit filename="FileReader.cpp" />
		<Unit filename="FileReader.h" />
		<Unit filename="Kmer.cpp" />
		<Unit filename="Kmer.h" />
		<Unit filename="KmerIndex.cpp" />
		<Unit filename="KmerIndex.h" />
		<Unit filename="KmerKey.cpp" />
		<Unit filename="KmerKey.h" />
		<Unit filename="KmerTriple.cpp" />
		<Unit filename="KmerTriple.h" />
		<Unit filename="Map.cpp" />
		<Unit filename="Map.h" />
		<Unit filename="Sequence.cpp" />
		<Unit filename="Sequence.h" />
		<Unit filename="String.cpp" />
		<Unit filename="String.h" />
		<Unit filename="ecoli.fasta" />
		<Unit filename="file_functions.cpp" />
		<Unit filename="file_functions.h" />
		<Unit filename="lambda.fasta" />
		<Unit filename="lambda_simulated_reads.fasta" />
		<Unit filename="main.cpp" />
		<Unit filename="main.h" />
		<Unit filename="sample_A.fasta" />
		<Unit filename="sample_B.fasta" />
		<Unit filename="settings.ini" />
		<Unit filename="settings_functions.cpp" />
		<Unit filename="settings_functions.h" />
		<Extensions>
			<code_completion />
			<envvars />
			<debugger />
			<wxsmith version="1">
				<gui name="wxWidgets" src="" main="" init_handlers="necessary" language="CPP" />
			</wxsmith>
			<editor_config active="1" use_tabs="0" tab_indents="1" tab_width="2" indent="2" eol_mode="0" />
		</Extensions>
	</Project>
</CodeBlocks_project_file>
